// !$*UTF8*$!
{
	archiveVersion = 1;
	classes = {
	};
	objectVersion = 44;
	objects = {

/* Begin PBXBuildFile section */
		C11D019C0CF56FDB004F8B49 /* libftd2xx.dylib in Frameworks */ = {isa = PBXBuildFile; fileRef = C11D019B0CF56FDB004F8B49 /* libftd2xx.dylib */; };
		C11D019D0CF56FDB004F8B49 /* libftd2xx.dylib in Frameworks */ = {isa = PBXBuildFile; fileRef = C11D019B0CF56FDB004F8B49 /* libftd2xx.dylib */; };
		C11D02050CF57DAA004F8B49 /* Carbon.framework in Frameworks */ = {isa = PBXBuildFile; fileRef = C11D02040CF57DAA004F8B49 /* Carbon.framework */; };
		C11D02070CF57DB2004F8B49 /* MaxAPI.framework in Frameworks */ = {isa = PBXBuildFile; fileRef = C11D01E20CF57B8D004F8B49 /* MaxAPI.framework */; };
		C11D023A0CF57DE3004F8B49 /* max_falcon.c in Sources */ = {isa = PBXBuildFile; fileRef = C11D02390CF57DE3004F8B49 /* max_falcon.c */; };
		C11D026D0CF58A3D004F8B49 /* nifalcon.c in Sources */ = {isa = PBXBuildFile; fileRef = C12E342E0CF26EFD0067068D /* nifalcon.c */; };
		C11D026F0CF58A90004F8B49 /* libftd2xx.dylib in Frameworks */ = {isa = PBXBuildFile; fileRef = C11D019B0CF56FDB004F8B49 /* libftd2xx.dylib */; };
		C12E34300CF26EFD0067068D /* nifalcon.c in Sources */ = {isa = PBXBuildFile; fileRef = C12E342E0CF26EFD0067068D /* nifalcon.c */; };
		C12E34310CF26EFD0067068D /* nifalcon.h in Headers */ = {isa = PBXBuildFile; fileRef = C12E342F0CF26EFD0067068D /* nifalcon.h */; };
		C12E34470CF2706B0067068D /* findfalcons.c in Sources */ = {isa = PBXBuildFile; fileRef = C12E34460CF2706B0067068D /* findfalcons.c */; };
		C12E344A0CF270760067068D /* libnifalcon.dylib in Frameworks */ = {isa = PBXBuildFile; fileRef = D2AAC0630554660B00DB518D /* libnifalcon.dylib */; };
/* End PBXBuildFile section */

/* Begin PBXContainerItemProxy section */
		C11D02020CF57D6C004F8B49 /* PBXContainerItemProxy */ = {
			isa = PBXContainerItemProxy;
			containerPortal = 08FB7793FE84155DC02AAC07 /* Project object */;
			proxyType = 1;
			remoteGlobalIDString = D2AAC0620554660B00DB518D;
			remoteInfo = libnifalcon;
		};
		C12E34480CF270710067068D /* PBXContainerItemProxy */ = {
			isa = PBXContainerItemProxy;
			containerPortal = 08FB7793FE84155DC02AAC07 /* Project object */;
			proxyType = 1;
			remoteGlobalIDString = D2AAC0620554660B00DB518D;
			remoteInfo = libnifalcon;
		};
/* End PBXContainerItemProxy section */

/* Begin PBXFileReference section */
		C11D019B0CF56FDB004F8B49 /* libftd2xx.dylib */ = {isa = PBXFileReference; lastKnownFileType = "compiled.mach-o.dylib"; name = libftd2xx.dylib; path = /usr/local/lib/libftd2xx.dylib; sourceTree = "<absolute>"; };
		C11D01E20CF57B8D004F8B49 /* MaxAPI.framework */ = {isa = PBXFileReference; lastKnownFileType = wrapper.framework; name = MaxAPI.framework; path = /Library/Frameworks/MaxAPI.framework; sourceTree = "<absolute>"; };
		C11D01FD0CF57CBA004F8B49 /* max_nifalcon.mxo */ = {isa = PBXFileReference; explicitFileType = wrapper.cfbundle; includeInIndex = 0; path = max_nifalcon.mxo; sourceTree = BUILT_PRODUCTS_DIR; };
		C11D01FE0CF57CBA004F8B49 /* max_nifalcon-Info.plist */ = {isa = PBXFileReference; lastKnownFileType = text.plist.xml; path = "max_nifalcon-Info.plist"; sourceTree = "<group>"; };
		C11D02040CF57DAA004F8B49 /* Carbon.framework */ = {isa = PBXFileReference; lastKnownFileType = wrapper.framework; name = Carbon.framework; path = /System/Library/Frameworks/Carbon.framework; sourceTree = "<absolute>"; };
		C11D02390CF57DE3004F8B49 /* max_falcon.c */ = {isa = PBXFileReference; fileEncoding = 4; lastKnownFileType = sourcecode.c.c; name = max_falcon.c; path = projects/max_falcon/max_falcon.c; sourceTree = "<group>"; };
		C12E342E0CF26EFD0067068D /* nifalcon.c */ = {isa = PBXFileReference; fileEncoding = 4; lastKnownFileType = sourcecode.c.c; name = nifalcon.c; path = src/nifalcon.c; sourceTree = "<group>"; };
		C12E342F0CF26EFD0067068D /* nifalcon.h */ = {isa = PBXFileReference; fileEncoding = 4; lastKnownFileType = sourcecode.c.h; name = nifalcon.h; path = src/nifalcon.h; sourceTree = "<group>"; };
		C12E34400CF2702F0067068D /* findfalcons */ = {isa = PBXFileReference; explicitFileType = "compiled.mach-o.executable"; includeInIndex = 0; path = findfalcons; sourceTree = BUILT_PRODUCTS_DIR; };
		C12E34460CF2706B0067068D /* findfalcons.c */ = {isa = PBXFileReference; fileEncoding = 4; lastKnownFileType = sourcecode.c.c; name = findfalcons.c; path = examples/findfalcons/findfalcons.c; sourceTree = "<group>"; };
		D2AAC0630554660B00DB518D /* libnifalcon.dylib */ = {isa = PBXFileReference; explicitFileType = "compiled.mach-o.dylib"; includeInIndex = 0; path = libnifalcon.dylib; sourceTree = BUILT_PRODUCTS_DIR; };
/* End PBXFileReference section */

/* Begin PBXFrameworksBuildPhase section */
		C11D01FB0CF57CBA004F8B49 /* Frameworks */ = {
			isa = PBXFrameworksBuildPhase;
			buildActionMask = 2147483647;
			files = (
				C11D026F0CF58A90004F8B49 /* libftd2xx.dylib in Frameworks */,
				C11D02070CF57DB2004F8B49 /* MaxAPI.framework in Frameworks */,
				C11D02050CF57DAA004F8B49 /* Carbon.framework in Frameworks */,
			);
			runOnlyForDeploymentPostprocessing = 0;
		};
		C12E343E0CF2702F0067068D /* Frameworks */ = {
			isa = PBXFrameworksBuildPhase;
			buildActionMask = 2147483647;
			files = (
				C12E344A0CF270760067068D /* libnifalcon.dylib in Frameworks */,
				C11D019C0CF56FDB004F8B49 /* libftd2xx.dylib in Frameworks */,
			);
			runOnlyForDeploymentPostprocessing = 0;
		};
		D289988505E68E00004EDB86 /* Frameworks */ = {
			isa = PBXFrameworksBuildPhase;
			buildActionMask = 2147483647;
			files = (
				C11D019D0CF56FDB004F8B49 /* libftd2xx.dylib in Frameworks */,
			);
			runOnlyForDeploymentPostprocessing = 0;
		};
/* End PBXFrameworksBuildPhase section */

/* Begin PBXGroup section */
		08FB7794FE84155DC02AAC07 /* libnifalcon */ = {
			isa = PBXGroup;
			children = (
				C11D01DE0CF579D3004F8B49 /* libnifalcon Projects */,
				C12E34440CF270590067068D /* Example Source */,
				08FB7795FE84155DC02AAC07 /* Library Source */,
				C12E34330CF26F940067068D /* Libraries */,
				1AB674ADFE9D54B511CA2CBB /* Products */,
				C11D01FE0CF57CBA004F8B49 /* max_nifalcon-Info.plist */,
			);
			name = libnifalcon;
			sourceTree = "<group>";
		};
		08FB7795FE84155DC02AAC07 /* Library Source */ = {
			isa = PBXGroup;
			children = (
				C12E342E0CF26EFD0067068D /* nifalcon.c */,
				C12E342F0CF26EFD0067068D /* nifalcon.h */,
			);
			name = "Library Source";
			sourceTree = "<group>";
		};
		1AB674ADFE9D54B511CA2CBB /* Products */ = {
			isa = PBXGroup;
			children = (
				D2AAC0630554660B00DB518D /* libnifalcon.dylib */,
				C12E34400CF2702F0067068D /* findfalcons */,
				C11D01FD0CF57CBA004F8B49 /* max_nifalcon.mxo */,
			);
			name = Products;
			sourceTree = "<group>";
		};
		C11D01DE0CF579D3004F8B49 /* libnifalcon Projects */ = {
			isa = PBXGroup;
			children = (
				C11D01DF0CF579E0004F8B49 /* max_falcon */,
			);
			name = "libnifalcon Projects";
			sourceTree = "<group>";
		};
		C11D01DF0CF579E0004F8B49 /* max_falcon */ = {
			isa = PBXGroup;
			children = (
				C11D01E10CF579FC004F8B49 /* Frameworks */,
				C11D01E00CF579F2004F8B49 /* Source */,
			);
			name = max_falcon;
			sourceTree = "<group>";
		};
		C11D01E00CF579F2004F8B49 /* Source */ = {
			isa = PBXGroup;
			children = (
				C11D02390CF57DE3004F8B49 /* max_falcon.c */,
			);
			name = Source;
			sourceTree = "<group>";
		};
		C11D01E10CF579FC004F8B49 /* Frameworks */ = {
			isa = PBXGroup;
			children = (
				C11D01E20CF57B8D004F8B49 /* MaxAPI.framework */,
			);
			name = Frameworks;
			sourceTree = "<group>";
		};
		C12E34330CF26F940067068D /* Libraries */ = {
			isa = PBXGroup;
			children = (
				C11D02040CF57DAA004F8B49 /* Carbon.framework */,
				C11D019B0CF56FDB004F8B49 /* libftd2xx.dylib */,
			);
			name = Libraries;
			sourceTree = "<group>";
		};
		C12E34440CF270590067068D /* Example Source */ = {
			isa = PBXGroup;
			children = (
				C12E34460CF2706B0067068D /* findfalcons.c */,
			);
			name = "Example Source";
			sourceTree = "<group>";
		};
/* End PBXGroup section */

/* Begin PBXHeadersBuildPhase section */
		D2AAC0600554660B00DB518D /* Headers */ = {
			isa = PBXHeadersBuildPhase;
			buildActionMask = 2147483647;
			files = (
				C12E34310CF26EFD0067068D /* nifalcon.h in Headers */,
			);
			runOnlyForDeploymentPostprocessing = 0;
		};
/* End PBXHeadersBuildPhase section */

/* Begin PBXNativeTarget section */
		C11D01FC0CF57CBA004F8B49 /* max_nifalcon */ = {
			isa = PBXNativeTarget;
			buildConfigurationList = C11D02010CF57CBB004F8B49 /* Build configuration list for PBXNativeTarget "max_nifalcon" */;
			buildPhases = (
				C11D01F90CF57CBA004F8B49 /* Resources */,
				C11D01FA0CF57CBA004F8B49 /* Sources */,
				C11D01FB0CF57CBA004F8B49 /* Frameworks */,
			);
			buildRules = (
			);
			dependencies = (
				C11D02030CF57D6C004F8B49 /* PBXTargetDependency */,
			);
			name = max_nifalcon;
			productName = max_nifalcon;
			productReference = C11D01FD0CF57CBA004F8B49 /* max_nifalcon.mxo */;
			productType = "com.apple.product-type.bundle";
		};
		C12E343F0CF2702F0067068D /* findfalcons */ = {
			isa = PBXNativeTarget;
			buildConfigurationList = C12E34450CF270590067068D /* Build configuration list for PBXNativeTarget "findfalcons" */;
			buildPhases = (
				C12E343D0CF2702F0067068D /* Sources */,
				C12E343E0CF2702F0067068D /* Frameworks */,
			);
			buildRules = (
			);
			dependencies = (
				C12E34490CF270710067068D /* PBXTargetDependency */,
			);
			name = findfalcons;
			productName = findfalcons;
			productReference = C12E34400CF2702F0067068D /* findfalcons */;
			productType = "com.apple.product-type.tool";
		};
		D2AAC0620554660B00DB518D /* libnifalcon */ = {
			isa = PBXNativeTarget;
			buildConfigurationList = 1DEB914A08733D8E0010E9CD /* Build configuration list for PBXNativeTarget "libnifalcon" */;
			buildPhases = (
				D2AAC0600554660B00DB518D /* Headers */,
				D2AAC0610554660B00DB518D /* Sources */,
				D289988505E68E00004EDB86 /* Frameworks */,
			);
			buildRules = (
			);
			dependencies = (
			);
			name = libnifalcon;
			productName = libnifalcon;
			productReference = D2AAC0630554660B00DB518D /* libnifalcon.dylib */;
			productType = "com.apple.product-type.library.dynamic";
		};
/* End PBXNativeTarget section */

/* Begin PBXProject section */
		08FB7793FE84155DC02AAC07 /* Project object */ = {
			isa = PBXProject;
			buildConfigurationList = 1DEB914E08733D8E0010E9CD /* Build configuration list for PBXProject "libnifalcon" */;
			compatibilityVersion = "Xcode 3.0";
			hasScannedForEncodings = 1;
			mainGroup = 08FB7794FE84155DC02AAC07 /* libnifalcon */;
			projectDirPath = "";
			projectRoot = "";
			targets = (
				D2AAC0620554660B00DB518D /* libnifalcon */,
				C12E343F0CF2702F0067068D /* findfalcons */,
				C11D01FC0CF57CBA004F8B49 /* max_nifalcon */,
			);
		};
/* End PBXProject section */

/* Begin PBXResourcesBuildPhase section */
		C11D01F90CF57CBA004F8B49 /* Resources */ = {
			isa = PBXResourcesBuildPhase;
			buildActionMask = 2147483647;
			files = (
			);
			runOnlyForDeploymentPostprocessing = 0;
		};
/* End PBXResourcesBuildPhase section */

/* Begin PBXSourcesBuildPhase section */
		C11D01FA0CF57CBA004F8B49 /* Sources */ = {
			isa = PBXSourcesBuildPhase;
			buildActionMask = 2147483647;
			files = (
				C11D026D0CF58A3D004F8B49 /* nifalcon.c in Sources */,
				C11D023A0CF57DE3004F8B49 /* max_falcon.c in Sources */,
			);
			runOnlyForDeploymentPostprocessing = 0;
		};
		C12E343D0CF2702F0067068D /* Sources */ = {
			isa = PBXSourcesBuildPhase;
			buildActionMask = 2147483647;
			files = (
				C12E34470CF2706B0067068D /* findfalcons.c in Sources */,
			);
			runOnlyForDeploymentPostprocessing = 0;
		};
		D2AAC0610554660B00DB518D /* Sources */ = {
			isa = PBXSourcesBuildPhase;
			buildActionMask = 2147483647;
			files = (
				C12E34300CF26EFD0067068D /* nifalcon.c in Sources */,
			);
			runOnlyForDeploymentPostprocessing = 0;
		};
/* End PBXSourcesBuildPhase section */

/* Begin PBXTargetDependency section */
		C11D02030CF57D6C004F8B49 /* PBXTargetDependency */ = {
			isa = PBXTargetDependency;
			target = D2AAC0620554660B00DB518D /* libnifalcon */;
			targetProxy = C11D02020CF57D6C004F8B49 /* PBXContainerItemProxy */;
		};
		C12E34490CF270710067068D /* PBXTargetDependency */ = {
			isa = PBXTargetDependency;
			target = D2AAC0620554660B00DB518D /* libnifalcon */;
			targetProxy = C12E34480CF270710067068D /* PBXContainerItemProxy */;
		};
/* End PBXTargetDependency section */

/* Begin XCBuildConfiguration section */
		1DEB914B08733D8E0010E9CD /* Debug */ = {
			isa = XCBuildConfiguration;
			buildSettings = {
				COPY_PHASE_STRIP = NO;
				EXECUTABLE_PREFIX = lib;
				GCC_DYNAMIC_NO_PIC = NO;
				GCC_ENABLE_FIX_AND_CONTINUE = YES;
				GCC_MODEL_TUNING = G5;
				GCC_OPTIMIZATION_LEVEL = 0;
				HEADER_SEARCH_PATHS = "/usr/local/include/**";
				INSTALL_PATH = /usr/local/lib;
				LIBRARY_SEARCH_PATHS = "/usr/local/lib/**";
				PRODUCT_NAME = libnifalcon;
				ZERO_LINK = YES;
			};
			name = Debug;
		};
		1DEB914C08733D8E0010E9CD /* Release */ = {
			isa = XCBuildConfiguration;
			buildSettings = {
				DEBUG_INFORMATION_FORMAT = "dwarf-with-dsym";
				EXECUTABLE_PREFIX = "";
				GCC_MODEL_TUNING = G5;
				INSTALL_PATH = /usr/local/lib;
				PRODUCT_NAME = libnifalcon;
			};
			name = Release;
		};
		1DEB914F08733D8E0010E9CD /* Debug */ = {
			isa = XCBuildConfiguration;
			buildSettings = {
				GCC_WARN_ABOUT_RETURN_TYPE = YES;
				GCC_WARN_UNUSED_VARIABLE = YES;
				PREBINDING = NO;
				SDKROOT = "$(DEVELOPER_SDK_DIR)/MacOSX10.5.sdk";
			};
			name = Debug;
		};
		1DEB915008733D8E0010E9CD /* Release */ = {
			isa = XCBuildConfiguration;
			buildSettings = {
				ARCHS = i386;
				GCC_WARN_ABOUT_RETURN_TYPE = YES;
				GCC_WARN_UNUSED_VARIABLE = YES;
				HEADER_SEARCH_PATHS = "/usr/local/include/**";
				LIBRARY_SEARCH_PATHS = "/usr/local/lib/**";
				PREBINDING = NO;
				SDKROOT = "$(DEVELOPER_SDK_DIR)/MacOSX10.5.sdk";
			};
			name = Release;
		};
		C11D01FF0CF57CBA004F8B49 /* Debug */ = {
			isa = XCBuildConfiguration;
			buildSettings = {
				COPY_PHASE_STRIP = NO;
				GCC_DYNAMIC_NO_PIC = NO;
				GCC_ENABLE_FIX_AND_CONTINUE = YES;
				GCC_MODEL_TUNING = G5;
				GCC_OPTIMIZATION_LEVEL = 0;
				GCC_PRECOMPILE_PREFIX_HEADER = YES;
				GCC_PREFIX_HEADER = "$(SYSTEM_LIBRARY_DIR)/Frameworks/Carbon.framework/Headers/Carbon.h";
				INFOPLIST_FILE = "max_nifalcon-Info.plist";
				INSTALL_PATH = "$(HOME)/Library/Bundles";
				OTHER_LDFLAGS = (
					"-framework",
					Carbon,
				);
				PREBINDING = NO;
				PRODUCT_NAME = max_nifalcon;
				WRAPPER_EXTENSION = bundle;
				ZERO_LINK = YES;
			};
			name = Debug;
		};
		C11D02000CF57CBA004F8B49 /* Release */ = {
			isa = XCBuildConfiguration;
			buildSettings = {
				COPY_PHASE_STRIP = YES;
				DEBUG_INFORMATION_FORMAT = "dwarf-with-dsym";
				FRAMEWORK_SEARCH_PATHS = "/LIbrary/Frameworks/**";
				GCC_ENABLE_FIX_AND_CONTINUE = NO;
				GCC_MODEL_TUNING = G5;
				GCC_PRECOMPILE_PREFIX_HEADER = YES;
				GCC_PREFIX_HEADER = "$(SYSTEM_LIBRARY_DIR)/Frameworks/Carbon.framework/Headers/Carbon.h";
				HEADER_SEARCH_PATHS = (
					"/usr/local/include/**",
					"/usr/local/include/max-includes/**",
				);
				INFOPLIST_FILE = "max_nifalcon-Info.plist";
				INSTALL_PATH = "$(HOME)/Library/Bundles";
				OTHER_LDFLAGS = (
					"-framework",
					Carbon,
				);
				PREBINDING = NO;
				PRODUCT_NAME = max_nifalcon;
				WRAPPER_EXTENSION = mxo;
				ZERO_LINK = NO;
			};
			name = Release;
		};
		C12E34420CF2702F0067068D /* Debug */ = {
			isa = XCBuildConfiguration;
			buildSettings = {
				COPY_PHASE_STRIP = NO;
				GCC_DYNAMIC_NO_PIC = NO;
				GCC_ENABLE_FIX_AND_CONTINUE = YES;
				GCC_MODEL_TUNING = G5;
				GCC_OPTIMIZATION_LEVEL = 0;
				HEADER_SEARCH_PATHS = "/usr/local/include/**";
				INSTALL_PATH = /usr/local/bin;
				LIBRARY_SEARCH_PATHS = "/usr/local/lib/**";
				PREBINDING = NO;
				PRODUCT_NAME = findfalcons;
				ZERO_LINK = YES;
			};
			name = Debug;
		};
		C12E34430CF2702F0067068D /* Release */ = {
			isa = XCBuildConfiguration;
			buildSettings = {
				COPY_PHASE_STRIP = YES;
				DEBUG_INFORMATION_FORMAT = "dwarf-with-dsym";
				GCC_ENABLE_FIX_AND_CONTINUE = NO;
				GCC_MODEL_TUNING = G5;
				INSTALL_PATH = /usr/local/bin;
				PREBINDING = NO;
				PRODUCT_NAME = findfalcons;
				ZERO_LINK = NO;
			};
			name = Release;
		};
/* End XCBuildConfiguration section */

/* Begin XCConfigurationList section */
		1DEB914A08733D8E0010E9CD /* Build configuration list for PBXNativeTarget "libnifalcon" */ = {
			isa = XCConfigurationList;
			buildConfigurations = (
				1DEB914B08733D8E0010E9CD /* Debug */,
				1DEB914C08733D8E0010E9CD /* Release */,
			);
			defaultConfigurationIsVisible = 0;
			defaultConfigurationName = Release;
		};
		1DEB914E08733D8E0010E9CD /* Build configuration list for PBXProject "libnifalcon" */ = {
			isa = XCConfigurationList;
			buildConfigurations = (
				1DEB914F08733D8E0010E9CD /* Debug */,
				1DEB915008733D8E0010E9CD /* Release */,
			);
			defaultConfigurationIsVisible = 0;
			defaultConfigurationName = Release;
		};
		C11D02010CF57CBB004F8B49 /* Build configuration list for PBXNativeTarget "max_nifalcon" */ = {
			isa = XCConfigurationList;
			buildConfigurations = (
				C11D01FF0CF57CBA004F8B49 /* Debug */,
				C11D02000CF57CBA004F8B49 /* Release */,
			);
			defaultConfigurationIsVisible = 0;
			defaultConfigurationName = Release;
		};
		C12E34450CF270590067068D /* Build configuration list for PBXNativeTarget "findfalcons" */ = {
			isa = XCConfigurationList;
			buildConfigurations = (
				C12E34420CF2702F0067068D /* Debug */,
				C12E34430CF2702F0067068D /* Release */,
			);
			defaultConfigurationIsVisible = 0;
			defaultConfigurationName = Release;
		};
/* End XCConfigurationList section */
	};
	rootObject = 08FB7793FE84155DC02AAC07 /* Project object */;
}
